
Microsoft Visual Studio Solution File, Format Version 12.00
# Visual Studio Version 17
VisualStudioVersion = 17.8.34322.80
MinimumVisualStudioVersion = 10.0.40219.1
Project("{FAE04EC0-301F-11D3-BF4B-00C04F79EFBC}") = "Task4", "Task4\Task4.csproj", "{7A5FD954-5FFA-4B3A-90ED-7C4C15BB63FB}"
EndProject
Global
	GlobalSection(SolutionConfigurationPlatforms) = preSolution
		Debug|Any CPU = Debug|Any CPU
		Release|Any CPU = Release|Any CPU
	EndGlobalSection
	GlobalSection(ProjectConfigurationPlatforms) = postSolution
		{7A5FD954-5FFA-4B3A-90ED-7C4C15BB63FB}.Debug|Any CPU.ActiveCfg = Debug|Any CPU
		{7A5FD954-5FFA-4B3A-90ED-7C4C15BB63FB}.Debug|Any CPU.Build.0 = Debug|Any CPU
		{7A5FD954-5FFA-4B3A-90ED-7C4C15BB63FB}.Release|Any CPU.ActiveCfg = Release|Any CPU
		{7A5FD954-5FFA-4B3A-90ED-7C4C15BB63FB}.Release|Any CPU.Build.0 = Release|Any CPU
	EndGlobalSection
	GlobalSection(SolutionProperties) = preSolution
		HideSolutionNode = FALSE
	EndGlobalSection
	GlobalSection(ExtensibilityGlobals) = postSolution
		SolutionGuid = {BD9D8C1F-98F5-4D24-A29A-C4108CA45AF5}
	EndGlobalSection
EndGlobal
